// !$*UTF8*$!
{
	archiveVersion = 1;
	classes = {
	};
	objectVersion = 46;
	objects = {

/* Begin PBXBuildFile section */
		79D6708C1E313F59009D019D /* AppDelegate.swift in Sources */ = {isa = PBXBuildFile; fileRef = 79D6708B1E313F59009D019D /* AppDelegate.swift */; };
		79D6708E1E313F59009D019D /* ViewController.swift in Sources */ = {isa = PBXBuildFile; fileRef = 79D6708D1E313F59009D019D /* ViewController.swift */; };
		79D670911E313F59009D019D /* Main.storyboard in Resources */ = {isa = PBXBuildFile; fileRef = 79D6708F1E313F59009D019D /* Main.storyboard */; };
		79D670931E313F59009D019D /* Assets.xcassets in Resources */ = {isa = PBXBuildFile; fileRef = 79D670921E313F59009D019D /* Assets.xcassets */; };
		79D670961E313F59009D019D /* LaunchScreen.storyboard in Resources */ = {isa = PBXBuildFile; fileRef = 79D670941E313F59009D019D /* LaunchScreen.storyboard */; };
/* End PBXBuildFile section */

/* Begin PBXFileReference section */
		79D670881E313F59009D019D /* getSome.app */ = {isa = PBXFileReference; explicitFileType = wrapper.application; includeInIndex = 0; path = getSome.app; sourceTree = BUILT_PRODUCTS_DIR; };
		79D6708B1E313F59009D019D /* AppDelegate.swift */ = {isa = PBXFileReference; lastKnownFileType = sourcecode.swift; path = AppDelegate.swift; sourceTree = "<group>"; };
		79D6708D1E313F59009D019D /* ViewController.swift */ = {isa = PBXFileReference; lastKnownFileType = sourcecode.swift; path = ViewController.swift; sourceTree = "<group>"; };
		79D670901E313F59009D019D /* Base */ = {isa = PBXFileReference; lastKnownFileType = file.storyboard; name = Base; path = Base.lproj/Main.storyboard; sourceTree = "<group>"; };
		79D670921E313F59009D019D /* Assets.xcassets */ = {isa = PBXFileReference; lastKnownFileType = folder.assetcatalog; path = Assets.xcassets; sourceTree = "<group>"; };
		79D670951E313F59009D019D /* Base */ = {isa = PBXFileReference; lastKnownFileType = file.storyboard; name = Base; path = Base.lproj/LaunchScreen.storyboard; sourceTree = "<group>"; };
		79D670971E313F59009D019D /* Info.plist */ = {isa = PBXFileReference; lastKnownFileType = text.plist.xml; path = Info.plist; sourceTree = "<group>"; };
/* End PBXFileReference section */

/* Begin PBXFrameworksBuildPhase section */
		79D670851E313F59009D019D /* Frameworks */ = {
			isa = PBXFrameworksBuildPhase;
			buildActionMask = 2147483647;
			files = (
			);
			runOnlyForDeploymentPostprocessing = 0;
		};
/* End PBXFrameworksBuildPhase section */

/* Begin PBXGroup section */
		79D6707F1E313F58009D019D = {
			isa = PBXGroup;
			children = (
				79D6708A1E313F59009D019D /* getSome */,
				79D670891E313F59009D019D /* Products */,
			);
			sourceTree = "<group>";
		};
		79D670891E313F59009D019D /* Products */ = {
			isa = PBXGroup;
			children = (
				79D670881E313F59009D019D /* getSome.app */,
			);
			name = Products;
			sourceTree = "<group>";
		};
		79D6708A1E313F59009D019D /* getSome */ = {
			isa = PBXGroup;
			children = (
				79D6708B1E313F59009D019D /* AppDelegate.swift */,
				79D6708D1E313F59009D019D /* ViewController.swift */,
				79D6708F1E313F59009D019D /* Main.storyboard */,
				79D670921E313F59009D019D /* Assets.xcassets */,
				79D670941E313F59009D019D /* LaunchScreen.storyboard */,
				79D670971E313F59009D019D /* Info.plist */,
			);
			path = getSome;
			sourceTree = "<group>";
		};
/* End PBXGroup section */

/* Begin PBXNativeTarget section */
		79D670871E313F59009D019D /* getSome */ = {
			isa = PBXNativeTarget;
			buildConfigurationList = 79D6709A1E313F59009D019D /* Build configuration list for PBXNativeTarget "getSome" */;
			buildPhases = (
				79D670841E313F59009D019D /* Sources */,
				79D670851E313F59009D019D /* Frameworks */,
				79D670861E313F59009D019D /* Resources */,
			);
			buildRules = (
			);
			dependencies = (
			);
			name = getSome;
			productName = getSome;
			productReference = 79D670881E313F59009D019D /* getSome.app */;
			productType = "com.apple.product-type.application";
		};
/* End PBXNativeTarget section */

/* Begin PBXProject section */
		79D670801E313F59009D019D /* Project object */ = {
			isa = PBXProject;
			attributes = {
				LastSwiftUpdateCheck = 0820;
				LastUpgradeCheck = 0820;
				ORGANIZATIONNAME = marshallproductions;
				TargetAttributes = {
					79D670871E313F59009D019D = {
						CreatedOnToolsVersion = 8.2.1;
						ProvisioningStyle = Automatic;
					};
				};
			};
			buildConfigurationList = 79D670831E313F59009D019D /* Build configuration list for PBXProject "getSome" */;
			compatibilityVersion = "Xcode 3.2";
			developmentRegion = English;
			hasScannedForEncodings = 0;
			knownRegions = (
				en,
				Base,
			);
			mainGroup = 79D6707F1E313F58009D019D;
			productRefGroup = 79D670891E313F59009D019D /* Products */;
			projectDirPath = "";
			projectRoot = "";
			targets = (
				79D670871E313F59009D019D /* getSome */,
			);
		};
/* End PBXProject section */

/* Begin PBXResourcesBuildPhase section */
		79D670861E313F59009D019D /* Resources */ = {
			isa = PBXResourcesBuildPhase;
			buildActionMask = 2147483647;
			files = (
				79D670961E313F59009D019D /* LaunchScreen.storyboard in Resources */,
				79D670931E313F59009D019D /* Assets.xcassets in Resources */,
				79D670911E313F59009D019D /* Main.storyboard in Resources */,
			);
			runOnlyForDeploymentPostprocessing = 0;
		};
/* End PBXResourcesBuildPhase section */

/* Begin PBXSourcesBuildPhase section */
		79D670841E313F59009D019D /* Sources */ = {
			isa = PBXSourcesBuildPhase;
			buildActionMask = 2147483647;
			files = (
				79D6708E1E313F59009D019D /* ViewController.swift in Sources */,
				79D6708C1E313F59009D019D /* AppDelegate.swift in Sources */,
			);
			runOnlyForDeploymentPostprocessing = 0;
		};
/* End PBXSourcesBuildPhase section */

/* Begin PBXVariantGroup section */
		79D6708F1E313F59009D019D /* Main.storyboard */ = {
			isa = PBXVariantGroup;
			children = (
				79D670901E313F59009D019D /* Base */,
			);
			name = Main.storyboard;
			sourceTree = "<group>";
		};
		79D670941E313F59009D019D /* LaunchScreen.storyboard */ = {
			isa = PBXVariantGroup;
			children = (
				79D670951E313F59009D019D /* Base */,
			);
			name = LaunchScreen.storyboard;
			sourceTree = "<group>";
		};
/* End PBXVariantGroup section */

/* Begin XCBuildConfiguration section */
		79D670981E313F59009D019D /* Debug */ = {
			isa = XCBuildConfiguration;
			buildSettings = {
				ALWAYS_SEARCH_USER_PATHS = NO;
				CLANG_ANALYZER_NONNULL = YES;
				CLANG_CXX_LANGUAGE_STANDARD = "gnu++0x";
				CLANG_CXX_LIBRARY = "libc++";
				CLANG_ENABLE_MODULES = YES;
				CLANG_ENABLE_OBJC_ARC = YES;
				CLANG_WARN_BOOL_CONVERSION = YES;
				CLANG_WARN_CONSTANT_CONVERSION = YES;
				CLANG_WARN_DIRECT_OBJC_ISA_USAGE = YES_ERROR;
				CLANG_WARN_DOCUMENTATION_COMMENTS = YES;
				CLANG_WARN_EMPTY_BODY = YES;
				CLANG_WARN_ENUM_CONVERSION = YES;
				CLANG_WARN_INFINITE_RECURSION = YES;
				CLANG_WARN_INT_CONVERSION = YES;
				CLANG_WARN_OBJC_ROOT_CLASS = YES_ERROR;
				CLANG_WARN_SUSPICIOUS_MOVE = YES;
				CLANG_WARN_UNREACHABLE_CODE = YES;
				CLANG_WARN__DUPLICATE_METHOD_MATCH = YES;
				"CODE_SIGN_IDENTITY[sdk=iphoneos*]" = "iPhone Developer";
				COPY_PHASE_STRIP = NO;
				DEBUG_INFORMATION_FORMAT = dwarf;
				ENABLE_STRICT_OBJC_MSGSEND = YES;
				ENABLE_TESTABILITY = YES;
				GCC_C_LANGUAGE_STANDARD = gnu99;
				GCC_DYNAMIC_NO_PIC = NO;
				GCC_NO_COMMON_BLOCKS = YES;
				GCC_OPTIMIZATION_LEVEL = 0;
				GCC_PREPROCESSOR_DEFINITIONS = (
					"DEBUG=1",
					"$(inherited)",
				);
				GCC_WARN_64_TO_32_BIT_CONVERSION = YES;
				GCC_WARN_ABOUT_RETURN_TYPE = YES_ERROR;
				GCC_WARN_UNDECLARED_SELECTOR = YES;
				GCC_WARN_UNINITIALIZED_AUTOS = YES_AGGRESSIVE;
				GCC_WARN_UNUSED_FUNCTION = YES;
				GCC_WARN_UNUSED_VARIABLE = YES;
				IPHONEOS_DEPLOYMENT_TARGET = 10.2;
				MTL_ENABLE_DEBUG_INFO = YES;
				ONLY_ACTIVE_ARCH = YES;
				SDKROOT = iphoneos;
				SWIFT_ACTIVE_COMPILATION_CONDITIONS = DEBUG;
				SWIFT_OPTIMIZATION_LEVEL = "-Onone";
			};
			name = Debug;
		};
		79D670991E313F59009D019D /* Release */ = {
			isa = XCBuildConfiguration;
			buildSettings = {
				ALWAYS_SEARCH_USER_PATHS = NO;
				CLANG_ANALYZER_NONNULL = YES;
				CLANG_CXX_LANGUAGE_STANDARD = "gnu++0x";
				CLANG_CXX_LIBRARY = "libc++";
				CLANG_ENABLE_MODULES = YES;
				CLANG_ENABLE_OBJC_ARC = YES;
				CLANG_WARN_BOOL_CONVERSION = YES;
				CLANG_WARN_CONSTANT_CONVERSION = YES;
				CLANG_WARN_DIRECT_OBJC_ISA_USAGE = YES_ERROR;
				CLANG_WARN_DOCUMENTATION_COMMENTS = YES;
				CLANG_WARN_EMPTY_BODY = YES;
				CLANG_WARN_ENUM_CONVERSION = YES;
				CLANG_WARN_INFINITE_RECURSION = YES;
				CLANG_WARN_INT_CONVERSION = YES;
				CLANG_WARN_OBJC_ROOT_CLASS = YES_ERROR;
				CLANG_WARN_SUSPICIOUS_MOVE = YES;
				CLANG_WARN_UNREACHABLE_CODE = YES;
				CLANG_WARN__DUPLICATE_METHOD_MATCH = YES;
				"CODE_SIGN_IDENTITY[sdk=iphoneos*]" = "iPhone Developer";
				COPY_PHASE_STRIP = NO;
				DEBUG_INFORMATION_FORMAT = "dwarf-with-dsym";
				ENABLE_NS_ASSERTIONS = NO;
				ENABLE_STRICT_OBJC_MSGSEND = YES;
				GCC_C_LANGUAGE_STANDARD = gnu99;
				GCC_NO_COMMON_BLOCKS = YES;
				GCC_WARN_64_TO_32_BIT_CONVERSION = YES;
				GCC_WARN_ABOUT_RETURN_TYPE = YES_ERROR;
				GCC_WARN_UNDECLARED_SELECTOR = YES;
				GCC_WARN_UNINITIALIZED_AUTOS = YES_AGGRESSIVE;
				GCC_WARN_UNUSED_FUNCTION = YES;
				GCC_WARN_UNUSED_VARIABLE = YES;
				IPHONEOS_DEPLOYMENT_TARGET = 10.2;
				MTL_ENABLE_DEBUG_INFO = NO;
				SDKROOT = iphoneos;
				SWIFT_OPTIMIZATION_LEVEL = "-Owholemodule";
				VALIDATE_PRODUCT = YES;
			};
			name = Release;
		};
		79D6709B1E313F59009D019D /* Debug */ = {
			isa = XCBuildConfiguration;
			buildSettings = {
				ASSETCATALOG_COMPILER_APPICON_NAME = AppIcon;
				INFOPLIST_FILE = getSome/Info.plist;
				LD_RUNPATH_SEARCH_PATHS = "$(inherited) @executable_path/Frameworks";
				PRODUCT_BUNDLE_IDENTIFIER = edu.self.getSome;
				PRODUCT_NAME = "$(TARGET_NAME)";
				SWIFT_VERSION = 3.0;
			};
			name = Debug;
		};
		79D6709C1E313F59009D019D /* Release */ = {
			isa = XCBuildConfiguration;
			buildSettings = {
				ASSETCATALOG_COMPILER_APPICON_NAME = AppIcon;
				INFOPLIST_FILE = getSome/Info.plist;
				LD_RUNPATH_SEARCH_PATHS = "$(inherited) @executable_path/Frameworks";
				PRODUCT_BUNDLE_IDENTIFIER = edu.self.getSome;
				PRODUCT_NAME = "$(TARGET_NAME)";
				SWIFT_VERSION = 3.0;
			};
			name = Release;
		};
/* End XCBuildConfiguration section */

/* Begin XCConfigurationList section */
		79D670831E313F59009D019D /* Build configuration list for PBXProject "getSome" */ = {
			isa = XCConfigurationList;
			buildConfigurations = (
				79D670981E313F59009D019D /* Debug */,
				79D670991E313F59009D019D /* Release */,
			);
			defaultConfigurationIsVisible = 0;
			defaultConfigurationName = Release;
		};
		79D6709A1E313F59009D019D /* Build configuration list for PBXNativeTarget "getSome" */ = {
			isa = XCConfigurationList;
			buildConfigurations = (
				79D6709B1E313F59009D019D /* Debug */,
				79D6709C1E313F59009D019D /* Release */,
			);
			defaultConfigurationIsVisible = 0;
		};
/* End XCConfigurationList section */
	};
	rootObject = 79D670801E313F59009D019D /* Project object */;
}
